Microsoft Visual Studio Solution File, Format Version 12.00
# Visual Studio Version 17
VisualStudioVersion = 17.5.2.0
MinimumVisualStudioVersion = 10.0.40219.1
Project("{FAE04EC0-301F-11D3-BF4B-00C04F79EFBC}") = "SchoolApp", "SchoolApp.csproj", "{6CFF8335-633B-31AE-4CB4-02B5D7FCAB90}"
EndProject
Global
	GlobalSection(SolutionConfigurationPlatforms) = preSolution
		Debug|Any CPU = Debug|Any CPU
		Release|Any CPU = Release|Any CPU
	EndGlobalSection
	GlobalSection(ProjectConfigurationPlatforms) = postSolution
		{6CFF8335-633B-31AE-4CB4-02B5D7FCAB90}.Debug|Any CPU.ActiveCfg = Debug|Any CPU
		{6CFF8335-633B-31AE-4CB4-02B5D7FCAB90}.Debug|Any CPU.Build.0 = Debug|Any CPU
		{6CFF8335-633B-31AE-4CB4-02B5D7FCAB90}.Release|Any CPU.ActiveCfg = Release|Any CPU
		{6CFF8335-633B-31AE-4CB4-02B5D7FCAB90}.Release|Any CPU.Build.0 = Release|Any CPU
	EndGlobalSection
	GlobalSection(SolutionProperties) = preSolution
		HideSolutionNode = FALSE
	EndGlobalSection
	GlobalSection(ExtensibilityGlobals) = postSolution
		SolutionGuid = {7EBA6BC3-0FB3-43D4-892B-9817CD8A1083}
	EndGlobalSection
EndGlobal
